
Microsoft Visual Studio Solution File, Format Version 12.00
# Visual Studio Version 17
VisualStudioVersion = 17.0.31912.275
MinimumVisualStudioVersion = 10.0.40219.1
Project("{FAE04EC0-301F-11D3-BF4B-00C04F79EFBC}") = "BasicCorePrograms", "BasicCorePrograms\BasicCorePrograms.csproj", "{D3D34920-49FF-447E-8202-F2FC198D7003}"
EndProject
Global
	GlobalSection(SolutionConfigurationPlatforms) = preSolution
		Debug|Any CPU = Debug|Any CPU
		Release|Any CPU = Release|Any CPU
	EndGlobalSection
	GlobalSection(ProjectConfigurationPlatforms) = postSolution
		{D3D34920-49FF-447E-8202-F2FC198D7003}.Debug|Any CPU.ActiveCfg = Debug|Any CPU
		{D3D34920-49FF-447E-8202-F2FC198D7003}.Debug|Any CPU.Build.0 = Debug|Any CPU
		{D3D34920-49FF-447E-8202-F2FC198D7003}.Release|Any CPU.ActiveCfg = Release|Any CPU
		{D3D34920-49FF-447E-8202-F2FC198D7003}.Release|Any CPU.Build.0 = Release|Any CPU
	EndGlobalSection
	GlobalSection(SolutionProperties) = preSolution
		HideSolutionNode = FALSE
	EndGlobalSection
	GlobalSection(ExtensibilityGlobals) = postSolution
		SolutionGuid = {83BBBF04-DE79-4E72-8DD9-DCA067144D68}
	EndGlobalSection
EndGlobal
